
Microsoft Visual Studio Solution File, Format Version 12.00
# Visual Studio Version 17
VisualStudioVersion = 17.3.32929.385
MinimumVisualStudioVersion = 10.0.40219.1
Project("{FAE04EC0-301F-11D3-BF4B-00C04F79EFBC}") = "Pocketses.Web", "Pocketses\Pocketses.Web.csproj", "{7D583A44-4DCC-45C0-9412-7DF2E4C7BDAD}"
EndProject
Project("{FAE04EC0-301F-11D3-BF4B-00C04F79EFBC}") = "Pocketses.Core", "Pocketses.Core\Pocketses.Core.csproj", "{38053744-5919-4422-91D9-B4FE3739D4B2}"
EndProject
Global
	GlobalSection(SolutionConfigurationPlatforms) = preSolution
		Debug|Any CPU = Debug|Any CPU
		Release|Any CPU = Release|Any CPU
	EndGlobalSection
	GlobalSection(ProjectConfigurationPlatforms) = postSolution
		{7D583A44-4DCC-45C0-9412-7DF2E4C7BDAD}.Debug|Any CPU.ActiveCfg = Debug|Any CPU
		{7D583A44-4DCC-45C0-9412-7DF2E4C7BDAD}.Debug|Any CPU.Build.0 = Debug|Any CPU
		{7D583A44-4DCC-45C0-9412-7DF2E4C7BDAD}.Release|Any CPU.ActiveCfg = Release|Any CPU
		{7D583A44-4DCC-45C0-9412-7DF2E4C7BDAD}.Release|Any CPU.Build.0 = Release|Any CPU
		{38053744-5919-4422-91D9-B4FE3739D4B2}.Debug|Any CPU.ActiveCfg = Debug|Any CPU
		{38053744-5919-4422-91D9-B4FE3739D4B2}.Debug|Any CPU.Build.0 = Debug|Any CPU
		{38053744-5919-4422-91D9-B4FE3739D4B2}.Release|Any CPU.ActiveCfg = Release|Any CPU
		{38053744-5919-4422-91D9-B4FE3739D4B2}.Release|Any CPU.Build.0 = Release|Any CPU
	EndGlobalSection
	GlobalSection(SolutionProperties) = preSolution
		HideSolutionNode = FALSE
	EndGlobalSection
	GlobalSection(ExtensibilityGlobals) = postSolution
		SolutionGuid = {FE5FD4BC-32FF-4666-9FEF-245E2EAAEA15}
	EndGlobalSection
EndGlobal
